// !$*UTF8*$!
{
	archiveVersion = 1;
	classes = {
	};
	objectVersion = 46;
	objects = {

/* Begin PBXBuildFile section */
		09CB26AC1CA92D9E00BECB33 /* AppDelegate.swift in Sources */ = {isa = PBXBuildFile; fileRef = 09CB26AB1CA92D9E00BECB33 /* AppDelegate.swift */; };
		09CB26AE1CA92D9E00BECB33 /* ViewController.swift in Sources */ = {isa = PBXBuildFile; fileRef = 09CB26AD1CA92D9E00BECB33 /* ViewController.swift */; };
		09CB26B11CA92D9E00BECB33 /* Main.storyboard in Resources */ = {isa = PBXBuildFile; fileRef = 09CB26AF1CA92D9E00BECB33 /* Main.storyboard */; };
		09CB26B41CA92D9E00BECB33 /* pageSample.xcdatamodeld in Sources */ = {isa = PBXBuildFile; fileRef = 09CB26B21CA92D9E00BECB33 /* pageSample.xcdatamodeld */; };
		09CB26B61CA92D9E00BECB33 /* Assets.xcassets in Resources */ = {isa = PBXBuildFile; fileRef = 09CB26B51CA92D9E00BECB33 /* Assets.xcassets */; };
		09CB26B91CA92D9E00BECB33 /* LaunchScreen.storyboard in Resources */ = {isa = PBXBuildFile; fileRef = 09CB26B71CA92D9E00BECB33 /* LaunchScreen.storyboard */; };
		09CB26E61CAA0EE100BECB33 /* ContentViewController.swift in Sources */ = {isa = PBXBuildFile; fileRef = 09CB26E41CAA0EE100BECB33 /* ContentViewController.swift */; };
/* End PBXBuildFile section */

/* Begin PBXFileReference section */
		09CB26A81CA92D9E00BECB33 /* pageSample.app */ = {isa = PBXFileReference; explicitFileType = wrapper.application; includeInIndex = 0; path = pageSample.app; sourceTree = BUILT_PRODUCTS_DIR; };
		09CB26AB1CA92D9E00BECB33 /* AppDelegate.swift */ = {isa = PBXFileReference; lastKnownFileType = sourcecode.swift; path = AppDelegate.swift; sourceTree = "<group>"; };
		09CB26AD1CA92D9E00BECB33 /* ViewController.swift */ = {isa = PBXFileReference; lastKnownFileType = sourcecode.swift; path = ViewController.swift; sourceTree = "<group>"; };
		09CB26B01CA92D9E00BECB33 /* Base */ = {isa = PBXFileReference; lastKnownFileType = file.storyboard; name = Base; path = Base.lproj/Main.storyboard; sourceTree = "<group>"; };
		09CB26B31CA92D9E00BECB33 /* pageSample.xcdatamodel */ = {isa = PBXFileReference; lastKnownFileType = wrapper.xcdatamodel; path = pageSample.xcdatamodel; sourceTree = "<group>"; };
		09CB26B51CA92D9E00BECB33 /* Assets.xcassets */ = {isa = PBXFileReference; lastKnownFileType = folder.assetcatalog; path = Assets.xcassets; sourceTree = "<group>"; };
		09CB26B81CA92D9E00BECB33 /* Base */ = {isa = PBXFileReference; lastKnownFileType = file.storyboard; name = Base; path = Base.lproj/LaunchScreen.storyboard; sourceTree = "<group>"; };
		09CB26BA1CA92D9E00BECB33 /* Info.plist */ = {isa = PBXFileReference; lastKnownFileType = text.plist.xml; path = Info.plist; sourceTree = "<group>"; };
		09CB26E41CAA0EE100BECB33 /* ContentViewController.swift */ = {isa = PBXFileReference; fileEncoding = 4; lastKnownFileType = sourcecode.swift; path = ContentViewController.swift; sourceTree = "<group>"; };
/* End PBXFileReference section */

/* Begin PBXFrameworksBuildPhase section */
		09CB26A51CA92D9E00BECB33 /* Frameworks */ = {
			isa = PBXFrameworksBuildPhase;
			buildActionMask = 2147483647;
			files = (
			);
			runOnlyForDeploymentPostprocessing = 0;
		};
/* End PBXFrameworksBuildPhase section */

/* Begin PBXGroup section */
		09CB269F1CA92D9E00BECB33 = {
			isa = PBXGroup;
			children = (
				09CB26AA1CA92D9E00BECB33 /* pageSample */,
				09CB26A91CA92D9E00BECB33 /* Products */,
			);
			sourceTree = "<group>";
		};
		09CB26A91CA92D9E00BECB33 /* Products */ = {
			isa = PBXGroup;
			children = (
				09CB26A81CA92D9E00BECB33 /* pageSample.app */,
			);
			name = Products;
			sourceTree = "<group>";
		};
		09CB26AA1CA92D9E00BECB33 /* pageSample */ = {
			isa = PBXGroup;
			children = (
				09CB26AB1CA92D9E00BECB33 /* AppDelegate.swift */,
				09CB26AD1CA92D9E00BECB33 /* ViewController.swift */,
				09CB26AF1CA92D9E00BECB33 /* Main.storyboard */,
				09CB26B51CA92D9E00BECB33 /* Assets.xcassets */,
				09CB26B71CA92D9E00BECB33 /* LaunchScreen.storyboard */,
				09CB26BA1CA92D9E00BECB33 /* Info.plist */,
				09CB26B21CA92D9E00BECB33 /* pageSample.xcdatamodeld */,
				09CB26E41CAA0EE100BECB33 /* ContentViewController.swift */,
			);
			path = pageSample;
			sourceTree = "<group>";
		};
/* End PBXGroup section */

/* Begin PBXNativeTarget section */
		09CB26A71CA92D9E00BECB33 /* pageSample */ = {
			isa = PBXNativeTarget;
			buildConfigurationList = 09CB26BD1CA92D9E00BECB33 /* Build configuration list for PBXNativeTarget "pageSample" */;
			buildPhases = (
				09CB26A41CA92D9E00BECB33 /* Sources */,
				09CB26A51CA92D9E00BECB33 /* Frameworks */,
				09CB26A61CA92D9E00BECB33 /* Resources */,
			);
			buildRules = (
			);
			dependencies = (
			);
			name = pageSample;
			productName = pageSample;
			productReference = 09CB26A81CA92D9E00BECB33 /* pageSample.app */;
			productType = "com.apple.product-type.application";
		};
/* End PBXNativeTarget section */

/* Begin PBXProject section */
		09CB26A01CA92D9E00BECB33 /* Project object */ = {
			isa = PBXProject;
			attributes = {
				LastSwiftUpdateCheck = 0720;
				LastUpgradeCheck = 0720;
				ORGANIZATIONNAME = handstudio;
				TargetAttributes = {
					09CB26A71CA92D9E00BECB33 = {
						CreatedOnToolsVersion = 7.2;
					};
				};
			};
			buildConfigurationList = 09CB26A31CA92D9E00BECB33 /* Build configuration list for PBXProject "pageSample" */;
			compatibilityVersion = "Xcode 3.2";
			developmentRegion = English;
			hasScannedForEncodings = 0;
			knownRegions = (
				en,
				Base,
			);
			mainGroup = 09CB269F1CA92D9E00BECB33;
			productRefGroup = 09CB26A91CA92D9E00BECB33 /* Products */;
			projectDirPath = "";
			projectRoot = "";
			targets = (
				09CB26A71CA92D9E00BECB33 /* pageSample */,
			);
		};
/* End PBXProject section */

/* Begin PBXResourcesBuildPhase section */
		09CB26A61CA92D9E00BECB33 /* Resources */ = {
			isa = PBXResourcesBuildPhase;
			buildActionMask = 2147483647;
			files = (
				09CB26B91CA92D9E00BECB33 /* LaunchScreen.storyboard in Resources */,
				09CB26B61CA92D9E00BECB33 /* Assets.xcassets in Resources */,
				09CB26B11CA92D9E00BECB33 /* Main.storyboard in Resources */,
			);
			runOnlyForDeploymentPostprocessing = 0;
		};
/* End PBXResourcesBuildPhase section */

/* Begin PBXSourcesBuildPhase section */
		09CB26A41CA92D9E00BECB33 /* Sources */ = {
			isa = PBXSourcesBuildPhase;
			buildActionMask = 2147483647;
			files = (
				09CB26E61CAA0EE100BECB33 /* ContentViewController.swift in Sources */,
				09CB26AE1CA92D9E00BECB33 /* ViewController.swift in Sources */,
				09CB26AC1CA92D9E00BECB33 /* AppDelegate.swift in Sources */,
				09CB26B41CA92D9E00BECB33 /* pageSample.xcdatamodeld in Sources */,
			);
			runOnlyForDeploymentPostprocessing = 0;
		};
/* End PBXSourcesBuildPhase section */

/* Begin PBXVariantGroup section */
		09CB26AF1CA92D9E00BECB33 /* Main.storyboard */ = {
			isa = PBXVariantGroup;
			children = (
				09CB26B01CA92D9E00BECB33 /* Base */,
			);
			name = Main.storyboard;
			sourceTree = "<group>";
		};
		09CB26B71CA92D9E00BECB33 /* LaunchScreen.storyboard */ = {
			isa = PBXVariantGroup;
			children = (
				09CB26B81CA92D9E00BECB33 /* Base */,
			);
			name = LaunchScreen.storyboard;
			sourceTree = "<group>";
		};
/* End PBXVariantGroup section */

/* Begin XCBuildConfiguration section */
		09CB26BB1CA92D9E00BECB33 /* Debug */ = {
			isa = XCBuildConfiguration;
			buildSettings = {
				ALWAYS_SEARCH_USER_PATHS = NO;
				CLANG_CXX_LANGUAGE_STANDARD = "gnu++0x";
				CLANG_CXX_LIBRARY = "libc++";
				CLANG_ENABLE_MODULES = YES;
				CLANG_ENABLE_OBJC_ARC = YES;
				CLANG_WARN_BOOL_CONVERSION = YES;
				CLANG_WARN_CONSTANT_CONVERSION = YES;
				CLANG_WARN_DIRECT_OBJC_ISA_USAGE = YES_ERROR;
				CLANG_WARN_EMPTY_BODY = YES;
				CLANG_WARN_ENUM_CONVERSION = YES;
				CLANG_WARN_INT_CONVERSION = YES;
				CLANG_WARN_OBJC_ROOT_CLASS = YES_ERROR;
				CLANG_WARN_UNREACHABLE_CODE = YES;
				CLANG_WARN__DUPLICATE_METHOD_MATCH = YES;
				"CODE_SIGN_IDENTITY[sdk=iphoneos*]" = "iPhone Developer";
				COPY_PHASE_STRIP = NO;
				DEBUG_INFORMATION_FORMAT = dwarf;
				ENABLE_STRICT_OBJC_MSGSEND = YES;
				ENABLE_TESTABILITY = YES;
				GCC_C_LANGUAGE_STANDARD = gnu99;
				GCC_DYNAMIC_NO_PIC = NO;
				GCC_NO_COMMON_BLOCKS = YES;
				GCC_OPTIMIZATION_LEVEL = 0;
				GCC_PREPROCESSOR_DEFINITIONS = (
					"DEBUG=1",
					"$(inherited)",
				);
				GCC_WARN_64_TO_32_BIT_CONVERSION = YES;
				GCC_WARN_ABOUT_RETURN_TYPE = YES_ERROR;
				GCC_WARN_UNDECLARED_SELECTOR = YES;
				GCC_WARN_UNINITIALIZED_AUTOS = YES_AGGRESSIVE;
				GCC_WARN_UNUSED_FUNCTION = YES;
				GCC_WARN_UNUSED_VARIABLE = YES;
				IPHONEOS_DEPLOYMENT_TARGET = 9.2;
				MTL_ENABLE_DEBUG_INFO = YES;
				ONLY_ACTIVE_ARCH = YES;
				SDKROOT = iphoneos;
				SWIFT_OPTIMIZATION_LEVEL = "-Onone";
			};
			name = Debug;
		};
		09CB26BC1CA92D9E00BECB33 /* Release */ = {
			isa = XCBuildConfiguration;
			buildSettings = {
				ALWAYS_SEARCH_USER_PATHS = NO;
				CLANG_CXX_LANGUAGE_STANDARD = "gnu++0x";
				CLANG_CXX_LIBRARY = "libc++";
				CLANG_ENABLE_MODULES = YES;
				CLANG_ENABLE_OBJC_ARC = YES;
				CLANG_WARN_BOOL_CONVERSION = YES;
				CLANG_WARN_CONSTANT_CONVERSION = YES;
				CLANG_WARN_DIRECT_OBJC_ISA_USAGE = YES_ERROR;
				CLANG_WARN_EMPTY_BODY = YES;
				CLANG_WARN_ENUM_CONVERSION = YES;
				CLANG_WARN_INT_CONVERSION = YES;
				CLANG_WARN_OBJC_ROOT_CLASS = YES_ERROR;
				CLANG_WARN_UNREACHABLE_CODE = YES;
				CLANG_WARN__DUPLICATE_METHOD_MATCH = YES;
				"CODE_SIGN_IDENTITY[sdk=iphoneos*]" = "iPhone Developer";
				COPY_PHASE_STRIP = NO;
				DEBUG_INFORMATION_FORMAT = "dwarf-with-dsym";
				ENABLE_NS_ASSERTIONS = NO;
				ENABLE_STRICT_OBJC_MSGSEND = YES;
				GCC_C_LANGUAGE_STANDARD = gnu99;
				GCC_NO_COMMON_BLOCKS = YES;
				GCC_WARN_64_TO_32_BIT_CONVERSION = YES;
				GCC_WARN_ABOUT_RETURN_TYPE = YES_ERROR;
				GCC_WARN_UNDECLARED_SELECTOR = YES;
				GCC_WARN_UNINITIALIZED_AUTOS = YES_AGGRESSIVE;
				GCC_WARN_UNUSED_FUNCTION = YES;
				GCC_WARN_UNUSED_VARIABLE = YES;
				IPHONEOS_DEPLOYMENT_TARGET = 9.2;
				MTL_ENABLE_DEBUG_INFO = NO;
				SDKROOT = iphoneos;
				VALIDATE_PRODUCT = YES;
			};
			name = Release;
		};
		09CB26BE1CA92D9E00BECB33 /* Debug */ = {
			isa = XCBuildConfiguration;
			buildSettings = {
				ASSETCATALOG_COMPILER_APPICON_NAME = AppIcon;
				INFOPLIST_FILE = pageSample/Info.plist;
				LD_RUNPATH_SEARCH_PATHS = "$(inherited) @executable_path/Frameworks";
				PRODUCT_BUNDLE_IDENTIFIER = com.handstudio.pageSample;
				PRODUCT_NAME = "$(TARGET_NAME)";
			};
			name = Debug;
		};
		09CB26BF1CA92D9E00BECB33 /* Release */ = {
			isa = XCBuildConfiguration;
			buildSettings = {
				ASSETCATALOG_COMPILER_APPICON_NAME = AppIcon;
				INFOPLIST_FILE = pageSample/Info.plist;
				LD_RUNPATH_SEARCH_PATHS = "$(inherited) @executable_path/Frameworks";
				PRODUCT_BUNDLE_IDENTIFIER = com.handstudio.pageSample;
				PRODUCT_NAME = "$(TARGET_NAME)";
			};
			name = Release;
		};
/* End XCBuildConfiguration section */

/* Begin XCConfigurationList section */
		09CB26A31CA92D9E00BECB33 /* Build configuration list for PBXProject "pageSample" */ = {
			isa = XCConfigurationList;
			buildConfigurations = (
				09CB26BB1CA92D9E00BECB33 /* Debug */,
				09CB26BC1CA92D9E00BECB33 /* Release */,
			);
			defaultConfigurationIsVisible = 0;
			defaultConfigurationName = Release;
		};
		09CB26BD1CA92D9E00BECB33 /* Build configuration list for PBXNativeTarget "pageSample" */ = {
			isa = XCConfigurationList;
			buildConfigurations = (
				09CB26BE1CA92D9E00BECB33 /* Debug */,
				09CB26BF1CA92D9E00BECB33 /* Release */,
			);
			defaultConfigurationIsVisible = 0;
			defaultConfigurationName = Release;
		};
/* End XCConfigurationList section */

/* Begin XCVersionGroup section */
		09CB26B21CA92D9E00BECB33 /* pageSample.xcdatamodeld */ = {
			isa = XCVersionGroup;
			children = (
				09CB26B31CA92D9E00BECB33 /* pageSample.xcdatamodel */,
			);
			currentVersion = 09CB26B31CA92D9E00BECB33 /* pageSample.xcdatamodel */;
			path = pageSample.xcdatamodeld;
			sourceTree = "<group>";
			versionGroupType = wrapper.xcdatamodel;
		};
/* End XCVersionGroup section */
	};
	rootObject = 09CB26A01CA92D9E00BECB33 /* Project object */;
}
